// !$*UTF8*$!
{
	archiveVersion = 1;
	classes = {
	};
	objectVersion = 46;
	objects = {

/* Begin PBXBuildFile section */
		3AAECA8E1AD8D36300866A14 /* AppDelegate.swift in Sources */ = {isa = PBXBuildFile; fileRef = 3AAECA8D1AD8D36300866A14 /* AppDelegate.swift */; };
		3AAECA901AD8D36300866A14 /* ViewController.swift in Sources */ = {isa = PBXBuildFile; fileRef = 3AAECA8F1AD8D36300866A14 /* ViewController.swift */; };
		3AAECA931AD8D36300866A14 /* Main.storyboard in Resources */ = {isa = PBXBuildFile; fileRef = 3AAECA911AD8D36300866A14 /* Main.storyboard */; };
		3AAECA951AD8D36300866A14 /* Images.xcassets in Resources */ = {isa = PBXBuildFile; fileRef = 3AAECA941AD8D36300866A14 /* Images.xcassets */; };
		3AAECA981AD8D36300866A14 /* LaunchScreen.xib in Resources */ = {isa = PBXBuildFile; fileRef = 3AAECA961AD8D36300866A14 /* LaunchScreen.xib */; };
		3AAECAA41AD8D36300866A14 /* FutureTests.swift in Sources */ = {isa = PBXBuildFile; fileRef = 3AAECAA31AD8D36300866A14 /* FutureTests.swift */; };
		3AAECAAE1AD8D39000866A14 /* Future.swift in Sources */ = {isa = PBXBuildFile; fileRef = 3AAECAAD1AD8D39000866A14 /* Future.swift */; };
/* End PBXBuildFile section */

/* Begin PBXContainerItemProxy section */
		3AAECA9E1AD8D36300866A14 /* PBXContainerItemProxy */ = {
			isa = PBXContainerItemProxy;
			containerPortal = 3AAECA801AD8D36300866A14 /* Project object */;
			proxyType = 1;
			remoteGlobalIDString = 3AAECA871AD8D36300866A14;
			remoteInfo = Future;
		};
/* End PBXContainerItemProxy section */

/* Begin PBXFileReference section */
		3AAECA881AD8D36300866A14 /* Future.app */ = {isa = PBXFileReference; explicitFileType = wrapper.application; includeInIndex = 0; path = Future.app; sourceTree = BUILT_PRODUCTS_DIR; };
		3AAECA8C1AD8D36300866A14 /* Info.plist */ = {isa = PBXFileReference; lastKnownFileType = text.plist.xml; path = Info.plist; sourceTree = "<group>"; };
		3AAECA8D1AD8D36300866A14 /* AppDelegate.swift */ = {isa = PBXFileReference; lastKnownFileType = sourcecode.swift; path = AppDelegate.swift; sourceTree = "<group>"; };
		3AAECA8F1AD8D36300866A14 /* ViewController.swift */ = {isa = PBXFileReference; lastKnownFileType = sourcecode.swift; path = ViewController.swift; sourceTree = "<group>"; };
		3AAECA921AD8D36300866A14 /* Base */ = {isa = PBXFileReference; lastKnownFileType = file.storyboard; name = Base; path = Base.lproj/Main.storyboard; sourceTree = "<group>"; };
		3AAECA941AD8D36300866A14 /* Images.xcassets */ = {isa = PBXFileReference; lastKnownFileType = folder.assetcatalog; path = Images.xcassets; sourceTree = "<group>"; };
		3AAECA971AD8D36300866A14 /* Base */ = {isa = PBXFileReference; lastKnownFileType = file.xib; name = Base; path = Base.lproj/LaunchScreen.xib; sourceTree = "<group>"; };
		3AAECA9D1AD8D36300866A14 /* FutureTests.xctest */ = {isa = PBXFileReference; explicitFileType = wrapper.cfbundle; includeInIndex = 0; path = FutureTests.xctest; sourceTree = BUILT_PRODUCTS_DIR; };
		3AAECAA21AD8D36300866A14 /* Info.plist */ = {isa = PBXFileReference; lastKnownFileType = text.plist.xml; path = Info.plist; sourceTree = "<group>"; };
		3AAECAA31AD8D36300866A14 /* FutureTests.swift */ = {isa = PBXFileReference; lastKnownFileType = sourcecode.swift; path = FutureTests.swift; sourceTree = "<group>"; };
		3AAECAAD1AD8D39000866A14 /* Future.swift */ = {isa = PBXFileReference; fileEncoding = 4; lastKnownFileType = sourcecode.swift; path = Future.swift; sourceTree = "<group>"; };
/* End PBXFileReference section */

/* Begin PBXFrameworksBuildPhase section */
		3AAECA851AD8D36300866A14 /* Frameworks */ = {
			isa = PBXFrameworksBuildPhase;
			buildActionMask = 2147483647;
			files = (
			);
			runOnlyForDeploymentPostprocessing = 0;
		};
		3AAECA9A1AD8D36300866A14 /* Frameworks */ = {
			isa = PBXFrameworksBuildPhase;
			buildActionMask = 2147483647;
			files = (
			);
			runOnlyForDeploymentPostprocessing = 0;
		};
/* End PBXFrameworksBuildPhase section */

/* Begin PBXGroup section */
		3AAECA7F1AD8D36300866A14 = {
			isa = PBXGroup;
			children = (
				3AAECA8A1AD8D36300866A14 /* Future */,
				3AAECAA01AD8D36300866A14 /* FutureTests */,
				3AAECA891AD8D36300866A14 /* Products */,
			);
			sourceTree = "<group>";
		};
		3AAECA891AD8D36300866A14 /* Products */ = {
			isa = PBXGroup;
			children = (
				3AAECA881AD8D36300866A14 /* Future.app */,
				3AAECA9D1AD8D36300866A14 /* FutureTests.xctest */,
			);
			name = Products;
			sourceTree = "<group>";
		};
		3AAECA8A1AD8D36300866A14 /* Future */ = {
			isa = PBXGroup;
			children = (
				3AAECA8D1AD8D36300866A14 /* AppDelegate.swift */,
				3AAECA8F1AD8D36300866A14 /* ViewController.swift */,
				3AAECAAD1AD8D39000866A14 /* Future.swift */,
				3AAECA911AD8D36300866A14 /* Main.storyboard */,
				3AAECA941AD8D36300866A14 /* Images.xcassets */,
				3AAECA961AD8D36300866A14 /* LaunchScreen.xib */,
				3AAECA8B1AD8D36300866A14 /* Supporting Files */,
			);
			path = Future;
			sourceTree = "<group>";
		};
		3AAECA8B1AD8D36300866A14 /* Supporting Files */ = {
			isa = PBXGroup;
			children = (
				3AAECA8C1AD8D36300866A14 /* Info.plist */,
			);
			name = "Supporting Files";
			sourceTree = "<group>";
		};
		3AAECAA01AD8D36300866A14 /* FutureTests */ = {
			isa = PBXGroup;
			children = (
				3AAECAA31AD8D36300866A14 /* FutureTests.swift */,
				3AAECAA11AD8D36300866A14 /* Supporting Files */,
			);
			path = FutureTests;
			sourceTree = "<group>";
		};
		3AAECAA11AD8D36300866A14 /* Supporting Files */ = {
			isa = PBXGroup;
			children = (
				3AAECAA21AD8D36300866A14 /* Info.plist */,
			);
			name = "Supporting Files";
			sourceTree = "<group>";
		};
/* End PBXGroup section */

/* Begin PBXNativeTarget section */
		3AAECA871AD8D36300866A14 /* Future */ = {
			isa = PBXNativeTarget;
			buildConfigurationList = 3AAECAA71AD8D36300866A14 /* Build configuration list for PBXNativeTarget "Future" */;
			buildPhases = (
				3AAECA841AD8D36300866A14 /* Sources */,
				3AAECA851AD8D36300866A14 /* Frameworks */,
				3AAECA861AD8D36300866A14 /* Resources */,
			);
			buildRules = (
			);
			dependencies = (
			);
			name = Future;
			productName = Future;
			productReference = 3AAECA881AD8D36300866A14 /* Future.app */;
			productType = "com.apple.product-type.application";
		};
		3AAECA9C1AD8D36300866A14 /* FutureTests */ = {
			isa = PBXNativeTarget;
			buildConfigurationList = 3AAECAAA1AD8D36300866A14 /* Build configuration list for PBXNativeTarget "FutureTests" */;
			buildPhases = (
				3AAECA991AD8D36300866A14 /* Sources */,
				3AAECA9A1AD8D36300866A14 /* Frameworks */,
				3AAECA9B1AD8D36300866A14 /* Resources */,
			);
			buildRules = (
			);
			dependencies = (
				3AAECA9F1AD8D36300866A14 /* PBXTargetDependency */,
			);
			name = FutureTests;
			productName = FutureTests;
			productReference = 3AAECA9D1AD8D36300866A14 /* FutureTests.xctest */;
			productType = "com.apple.product-type.bundle.unit-test";
		};
/* End PBXNativeTarget section */

/* Begin PBXProject section */
		3AAECA801AD8D36300866A14 /* Project object */ = {
			isa = PBXProject;
			attributes = {
				LastUpgradeCheck = 0630;
				ORGANIZATIONNAME = "Adrián Ferreyra";
				TargetAttributes = {
					3AAECA871AD8D36300866A14 = {
						CreatedOnToolsVersion = 6.3;
					};
					3AAECA9C1AD8D36300866A14 = {
						CreatedOnToolsVersion = 6.3;
						TestTargetID = 3AAECA871AD8D36300866A14;
					};
				};
			};
			buildConfigurationList = 3AAECA831AD8D36300866A14 /* Build configuration list for PBXProject "Future" */;
			compatibilityVersion = "Xcode 3.2";
			developmentRegion = English;
			hasScannedForEncodings = 0;
			knownRegions = (
				en,
				Base,
			);
			mainGroup = 3AAECA7F1AD8D36300866A14;
			productRefGroup = 3AAECA891AD8D36300866A14 /* Products */;
			projectDirPath = "";
			projectRoot = "";
			targets = (
				3AAECA871AD8D36300866A14 /* Future */,
				3AAECA9C1AD8D36300866A14 /* FutureTests */,
			);
		};
/* End PBXProject section */

/* Begin PBXResourcesBuildPhase section */
		3AAECA861AD8D36300866A14 /* Resources */ = {
			isa = PBXResourcesBuildPhase;
			buildActionMask = 2147483647;
			files = (
				3AAECA931AD8D36300866A14 /* Main.storyboard in Resources */,
				3AAECA981AD8D36300866A14 /* LaunchScreen.xib in Resources */,
				3AAECA951AD8D36300866A14 /* Images.xcassets in Resources */,
			);
			runOnlyForDeploymentPostprocessing = 0;
		};
		3AAECA9B1AD8D36300866A14 /* Resources */ = {
			isa = PBXResourcesBuildPhase;
			buildActionMask = 2147483647;
			files = (
			);
			runOnlyForDeploymentPostprocessing = 0;
		};
/* End PBXResourcesBuildPhase section */

/* Begin PBXSourcesBuildPhase section */
		3AAECA841AD8D36300866A14 /* Sources */ = {
			isa = PBXSourcesBuildPhase;
			buildActionMask = 2147483647;
			files = (
				3AAECAAE1AD8D39000866A14 /* Future.swift in Sources */,
				3AAECA901AD8D36300866A14 /* ViewController.swift in Sources */,
				3AAECA8E1AD8D36300866A14 /* AppDelegate.swift in Sources */,
			);
			runOnlyForDeploymentPostprocessing = 0;
		};
		3AAECA991AD8D36300866A14 /* Sources */ = {
			isa = PBXSourcesBuildPhase;
			buildActionMask = 2147483647;
			files = (
				3AAECAA41AD8D36300866A14 /* FutureTests.swift in Sources */,
			);
			runOnlyForDeploymentPostprocessing = 0;
		};
/* End PBXSourcesBuildPhase section */

/* Begin PBXTargetDependency section */
		3AAECA9F1AD8D36300866A14 /* PBXTargetDependency */ = {
			isa = PBXTargetDependency;
			target = 3AAECA871AD8D36300866A14 /* Future */;
			targetProxy = 3AAECA9E1AD8D36300866A14 /* PBXContainerItemProxy */;
		};
/* End PBXTargetDependency section */

/* Begin PBXVariantGroup section */
		3AAECA911AD8D36300866A14 /* Main.storyboard */ = {
			isa = PBXVariantGroup;
			children = (
				3AAECA921AD8D36300866A14 /* Base */,
			);
			name = Main.storyboard;
			sourceTree = "<group>";
		};
		3AAECA961AD8D36300866A14 /* LaunchScreen.xib */ = {
			isa = PBXVariantGroup;
			children = (
				3AAECA971AD8D36300866A14 /* Base */,
			);
			name = LaunchScreen.xib;
			sourceTree = "<group>";
		};
/* End PBXVariantGroup section */

/* Begin XCBuildConfiguration section */
		3AAECAA51AD8D36300866A14 /* Debug */ = {
			isa = XCBuildConfiguration;
			buildSettings = {
				ALWAYS_SEARCH_USER_PATHS = NO;
				CLANG_CXX_LANGUAGE_STANDARD = "gnu++0x";
				CLANG_CXX_LIBRARY = "libc++";
				CLANG_ENABLE_MODULES = YES;
				CLANG_ENABLE_OBJC_ARC = YES;
				CLANG_WARN_BOOL_CONVERSION = YES;
				CLANG_WARN_CONSTANT_CONVERSION = YES;
				CLANG_WARN_DIRECT_OBJC_ISA_USAGE = YES_ERROR;
				CLANG_WARN_EMPTY_BODY = YES;
				CLANG_WARN_ENUM_CONVERSION = YES;
				CLANG_WARN_INT_CONVERSION = YES;
				CLANG_WARN_OBJC_ROOT_CLASS = YES_ERROR;
				CLANG_WARN_UNREACHABLE_CODE = YES;
				CLANG_WARN__DUPLICATE_METHOD_MATCH = YES;
				"CODE_SIGN_IDENTITY[sdk=iphoneos*]" = "iPhone Developer";
				COPY_PHASE_STRIP = NO;
				DEBUG_INFORMATION_FORMAT = "dwarf-with-dsym";
				ENABLE_STRICT_OBJC_MSGSEND = YES;
				GCC_C_LANGUAGE_STANDARD = gnu99;
				GCC_DYNAMIC_NO_PIC = NO;
				GCC_NO_COMMON_BLOCKS = YES;
				GCC_OPTIMIZATION_LEVEL = 0;
				GCC_PREPROCESSOR_DEFINITIONS = (
					"DEBUG=1",
					"$(inherited)",
				);
				GCC_SYMBOLS_PRIVATE_EXTERN = NO;
				GCC_WARN_64_TO_32_BIT_CONVERSION = YES;
				GCC_WARN_ABOUT_RETURN_TYPE = YES_ERROR;
				GCC_WARN_UNDECLARED_SELECTOR = YES;
				GCC_WARN_UNINITIALIZED_AUTOS = YES_AGGRESSIVE;
				GCC_WARN_UNUSED_FUNCTION = YES;
				GCC_WARN_UNUSED_VARIABLE = YES;
				IPHONEOS_DEPLOYMENT_TARGET = 8.3;
				MTL_ENABLE_DEBUG_INFO = YES;
				ONLY_ACTIVE_ARCH = YES;
				SDKROOT = iphoneos;
				SWIFT_OPTIMIZATION_LEVEL = "-Onone";
			};
			name = Debug;
		};
		3AAECAA61AD8D36300866A14 /* Release */ = {
			isa = XCBuildConfiguration;
			buildSettings = {
				ALWAYS_SEARCH_USER_PATHS = NO;
				CLANG_CXX_LANGUAGE_STANDARD = "gnu++0x";
				CLANG_CXX_LIBRARY = "libc++";
				CLANG_ENABLE_MODULES = YES;
				CLANG_ENABLE_OBJC_ARC = YES;
				CLANG_WARN_BOOL_CONVERSION = YES;
				CLANG_WARN_CONSTANT_CONVERSION = YES;
				CLANG_WARN_DIRECT_OBJC_ISA_USAGE = YES_ERROR;
				CLANG_WARN_EMPTY_BODY = YES;
				CLANG_WARN_ENUM_CONVERSION = YES;
				CLANG_WARN_INT_CONVERSION = YES;
				CLANG_WARN_OBJC_ROOT_CLASS = YES_ERROR;
				CLANG_WARN_UNREACHABLE_CODE = YES;
				CLANG_WARN__DUPLICATE_METHOD_MATCH = YES;
				"CODE_SIGN_IDENTITY[sdk=iphoneos*]" = "iPhone Developer";
				COPY_PHASE_STRIP = NO;
				DEBUG_INFORMATION_FORMAT = "dwarf-with-dsym";
				ENABLE_NS_ASSERTIONS = NO;
				ENABLE_STRICT_OBJC_MSGSEND = YES;
				GCC_C_LANGUAGE_STANDARD = gnu99;
				GCC_NO_COMMON_BLOCKS = YES;
				GCC_WARN_64_TO_32_BIT_CONVERSION = YES;
				GCC_WARN_ABOUT_RETURN_TYPE = YES_ERROR;
				GCC_WARN_UNDECLARED_SELECTOR = YES;
				GCC_WARN_UNINITIALIZED_AUTOS = YES_AGGRESSIVE;
				GCC_WARN_UNUSED_FUNCTION = YES;
				GCC_WARN_UNUSED_VARIABLE = YES;
				IPHONEOS_DEPLOYMENT_TARGET = 8.3;
				MTL_ENABLE_DEBUG_INFO = NO;
				SDKROOT = iphoneos;
				VALIDATE_PRODUCT = YES;
			};
			name = Release;
		};
		3AAECAA81AD8D36300866A14 /* Debug */ = {
			isa = XCBuildConfiguration;
			buildSettings = {
				ASSETCATALOG_COMPILER_APPICON_NAME = AppIcon;
				INFOPLIST_FILE = Future/Info.plist;
				LD_RUNPATH_SEARCH_PATHS = "$(inherited) @executable_path/Frameworks";
				PRODUCT_NAME = "$(TARGET_NAME)";
			};
			name = Debug;
		};
		3AAECAA91AD8D36300866A14 /* Release */ = {
			isa = XCBuildConfiguration;
			buildSettings = {
				ASSETCATALOG_COMPILER_APPICON_NAME = AppIcon;
				INFOPLIST_FILE = Future/Info.plist;
				LD_RUNPATH_SEARCH_PATHS = "$(inherited) @executable_path/Frameworks";
				PRODUCT_NAME = "$(TARGET_NAME)";
			};
			name = Release;
		};
		3AAECAAB1AD8D36300866A14 /* Debug */ = {
			isa = XCBuildConfiguration;
			buildSettings = {
				BUNDLE_LOADER = "$(TEST_HOST)";
				FRAMEWORK_SEARCH_PATHS = (
					"$(SDKROOT)/Developer/Library/Frameworks",
					"$(inherited)",
				);
				GCC_PREPROCESSOR_DEFINITIONS = (
					"DEBUG=1",
					"$(inherited)",
				);
				INFOPLIST_FILE = FutureTests/Info.plist;
				LD_RUNPATH_SEARCH_PATHS = "$(inherited) @executable_path/Frameworks @loader_path/Frameworks";
				PRODUCT_NAME = "$(TARGET_NAME)";
				TEST_HOST = "$(BUILT_PRODUCTS_DIR)/Future.app/Future";
			};
			name = Debug;
		};
		3AAECAAC1AD8D36300866A14 /* Release */ = {
			isa = XCBuildConfiguration;
			buildSettings = {
				BUNDLE_LOADER = "$(TEST_HOST)";
				FRAMEWORK_SEARCH_PATHS = (
					"$(SDKROOT)/Developer/Library/Frameworks",
					"$(inherited)",
				);
				INFOPLIST_FILE = FutureTests/Info.plist;
				LD_RUNPATH_SEARCH_PATHS = "$(inherited) @executable_path/Frameworks @loader_path/Frameworks";
				PRODUCT_NAME = "$(TARGET_NAME)";
				TEST_HOST = "$(BUILT_PRODUCTS_DIR)/Future.app/Future";
			};
			name = Release;
		};
/* End XCBuildConfiguration section */

/* Begin XCConfigurationList section */
		3AAECA831AD8D36300866A14 /* Build configuration list for PBXProject "Future" */ = {
			isa = XCConfigurationList;
			buildConfigurations = (
				3AAECAA51AD8D36300866A14 /* Debug */,
				3AAECAA61AD8D36300866A14 /* Release */,
			);
			defaultConfigurationIsVisible = 0;
			defaultConfigurationName = Release;
		};
		3AAECAA71AD8D36300866A14 /* Build configuration list for PBXNativeTarget "Future" */ = {
			isa = XCConfigurationList;
			buildConfigurations = (
				3AAECAA81AD8D36300866A14 /* Debug */,
				3AAECAA91AD8D36300866A14 /* Release */,
			);
			defaultConfigurationIsVisible = 0;
		};
		3AAECAAA1AD8D36300866A14 /* Build configuration list for PBXNativeTarget "FutureTests" */ = {
			isa = XCConfigurationList;
			buildConfigurations = (
				3AAECAAB1AD8D36300866A14 /* Debug */,
				3AAECAAC1AD8D36300866A14 /* Release */,
			);
			defaultConfigurationIsVisible = 0;
		};
/* End XCConfigurationList section */
	};
	rootObject = 3AAECA801AD8D36300866A14 /* Project object */;
}
